
Microsoft Visual Studio Solution File, Format Version 12.00
# Visual Studio Version 17
VisualStudioVersion = 17.4.33213.308
MinimumVisualStudioVersion = 10.0.40219.1
Project("{FAE04EC0-301F-11D3-BF4B-00C04F79EFBC}") = "GrpcServiceTest20230128", "GrpcServiceTest20230128\GrpcServiceTest20230128.csproj", "{CC960772-0C3C-4F1D-85DF-5FDE950D2317}"
EndProject
Global
	GlobalSection(SolutionConfigurationPlatforms) = preSolution
		Debug|Any CPU = Debug|Any CPU
		Release|Any CPU = Release|Any CPU
	EndGlobalSection
	GlobalSection(ProjectConfigurationPlatforms) = postSolution
		{CC960772-0C3C-4F1D-85DF-5FDE950D2317}.Debug|Any CPU.ActiveCfg = Debug|Any CPU
		{CC960772-0C3C-4F1D-85DF-5FDE950D2317}.Debug|Any CPU.Build.0 = Debug|Any CPU
		{CC960772-0C3C-4F1D-85DF-5FDE950D2317}.Release|Any CPU.ActiveCfg = Release|Any CPU
		{CC960772-0C3C-4F1D-85DF-5FDE950D2317}.Release|Any CPU.Build.0 = Release|Any CPU
	EndGlobalSection
	GlobalSection(SolutionProperties) = preSolution
		HideSolutionNode = FALSE
	EndGlobalSection
	GlobalSection(ExtensibilityGlobals) = postSolution
		SolutionGuid = {90520D69-BB97-4CEE-8C79-AB0CE9E742CE}
	EndGlobalSection
EndGlobal
